
Microsoft Visual Studio Solution File, Format Version 12.00
# Visual Studio Version 17
VisualStudioVersion = 17.9.34701.34
MinimumVisualStudioVersion = 10.0.40219.1
Project("{FAE04EC0-301F-11D3-BF4B-00C04F79EFBC}") = "mission11_dawson", "mission11_dawson\mission11_dawson.csproj", "{C24760B9-24B2-451D-A886-53372DEA4536}"
EndProject
Global
	GlobalSection(SolutionConfigurationPlatforms) = preSolution
		Debug|Any CPU = Debug|Any CPU
		Release|Any CPU = Release|Any CPU
	EndGlobalSection
	GlobalSection(ProjectConfigurationPlatforms) = postSolution
		{C24760B9-24B2-451D-A886-53372DEA4536}.Debug|Any CPU.ActiveCfg = Debug|Any CPU
		{C24760B9-24B2-451D-A886-53372DEA4536}.Debug|Any CPU.Build.0 = Debug|Any CPU
		{C24760B9-24B2-451D-A886-53372DEA4536}.Release|Any CPU.ActiveCfg = Release|Any CPU
		{C24760B9-24B2-451D-A886-53372DEA4536}.Release|Any CPU.Build.0 = Release|Any CPU
	EndGlobalSection
	GlobalSection(SolutionProperties) = preSolution
		HideSolutionNode = FALSE
	EndGlobalSection
	GlobalSection(ExtensibilityGlobals) = postSolution
		SolutionGuid = {C5DBEC32-7ED4-432E-9A0D-1A39CF45D7AB}
	EndGlobalSection
EndGlobal
